Microsoft Visual Studio Solution File, Format Version 12.00
# Visual Studio Version 17
VisualStudioVersion = 17.5.2.0
MinimumVisualStudioVersion = 10.0.40219.1
Project("{FAE04EC0-301F-11D3-BF4B-00C04F79EFBC}") = "LevelUpLife-Backend", "LevelUpLife-Backend.csproj", "{9433B8E9-4BEF-37F0-1A56-A2CFE7F1BAAC}"
EndProject
Global
	GlobalSection(SolutionConfigurationPlatforms) = preSolution
		Debug|Any CPU = Debug|Any CPU
		Release|Any CPU = Release|Any CPU
	EndGlobalSection
	GlobalSection(ProjectConfigurationPlatforms) = postSolution
		{9433B8E9-4BEF-37F0-1A56-A2CFE7F1BAAC}.Debug|Any CPU.ActiveCfg = Debug|Any CPU
		{9433B8E9-4BEF-37F0-1A56-A2CFE7F1BAAC}.Debug|Any CPU.Build.0 = Debug|Any CPU
		{9433B8E9-4BEF-37F0-1A56-A2CFE7F1BAAC}.Release|Any CPU.ActiveCfg = Release|Any CPU
		{9433B8E9-4BEF-37F0-1A56-A2CFE7F1BAAC}.Release|Any CPU.Build.0 = Release|Any CPU
	EndGlobalSection
	GlobalSection(SolutionProperties) = preSolution
		HideSolutionNode = FALSE
	EndGlobalSection
	GlobalSection(ExtensibilityGlobals) = postSolution
		SolutionGuid = {164A8A4B-FECB-4A66-86C7-61C7857BD48A}
	EndGlobalSection
EndGlobal
